
Microsoft Visual Studio Solution File, Format Version 12.00
# Visual Studio 15
VisualStudioVersion = 15.0.27004.2002
MinimumVisualStudioVersion = 10.0.40219.1
Project("{FAE04EC0-301F-11D3-BF4B-00C04F79EFBC}") = "Magic 8 Ball", "Magic 8 Ball\Magic 8 Ball.csproj", "{FCD0C7B4-2BD8-48D8-9086-3AC26DEF9866}"
EndProject
Project("{FAE04EC0-301F-11D3-BF4B-00C04F79EFBC}") = "ConsoleApp1", "ConsoleApp1\ConsoleApp1.csproj", "{20BAA01B-40E8-45F2-A20E-20490FAF8B2B}"
EndProject
Global
	GlobalSection(SolutionConfigurationPlatforms) = preSolution
		Debug|Any CPU = Debug|Any CPU
		Release|Any CPU = Release|Any CPU
	EndGlobalSection
	GlobalSection(ProjectConfigurationPlatforms) = postSolution
		{FCD0C7B4-2BD8-48D8-9086-3AC26DEF9866}.Debug|Any CPU.ActiveCfg = Debug|Any CPU
		{FCD0C7B4-2BD8-48D8-9086-3AC26DEF9866}.Debug|Any CPU.Build.0 = Debug|Any CPU
		{FCD0C7B4-2BD8-48D8-9086-3AC26DEF9866}.Release|Any CPU.ActiveCfg = Release|Any CPU
		{FCD0C7B4-2BD8-48D8-9086-3AC26DEF9866}.Release|Any CPU.Build.0 = Release|Any CPU
		{20BAA01B-40E8-45F2-A20E-20490FAF8B2B}.Debug|Any CPU.ActiveCfg = Debug|Any CPU
		{20BAA01B-40E8-45F2-A20E-20490FAF8B2B}.Debug|Any CPU.Build.0 = Debug|Any CPU
		{20BAA01B-40E8-45F2-A20E-20490FAF8B2B}.Release|Any CPU.ActiveCfg = Release|Any CPU
		{20BAA01B-40E8-45F2-A20E-20490FAF8B2B}.Release|Any CPU.Build.0 = Release|Any CPU
	EndGlobalSection
	GlobalSection(SolutionProperties) = preSolution
		HideSolutionNode = FALSE
	EndGlobalSection
	GlobalSection(ExtensibilityGlobals) = postSolution
		SolutionGuid = {E4537FAB-B4F8-4C0B-A051-43DE9E0E0D98}
	EndGlobalSection
EndGlobal
